
Microsoft Visual Studio Solution File, Format Version 12.00
# Visual Studio Version 16
VisualStudioVersion = 16.0.30503.244
MinimumVisualStudioVersion = 10.0.40219.1
Project("{FAE04EC0-301F-11D3-BF4B-00C04F79EFBC}") = "i18n.ConsoleApp", "i18n.ConsoleApp\i18n.ConsoleApp.csproj", "{94B5C42D-2EE3-4BCE-B3B5-15F90E9FD382}"
EndProject
Global
	GlobalSection(SolutionConfigurationPlatforms) = preSolution
		Debug|Any CPU = Debug|Any CPU
		Release|Any CPU = Release|Any CPU
	EndGlobalSection
	GlobalSection(ProjectConfigurationPlatforms) = postSolution
		{94B5C42D-2EE3-4BCE-B3B5-15F90E9FD382}.Debug|Any CPU.ActiveCfg = Debug|Any CPU
		{94B5C42D-2EE3-4BCE-B3B5-15F90E9FD382}.Debug|Any CPU.Build.0 = Debug|Any CPU
		{94B5C42D-2EE3-4BCE-B3B5-15F90E9FD382}.Release|Any CPU.ActiveCfg = Release|Any CPU
		{94B5C42D-2EE3-4BCE-B3B5-15F90E9FD382}.Release|Any CPU.Build.0 = Release|Any CPU
	EndGlobalSection
	GlobalSection(SolutionProperties) = preSolution
		HideSolutionNode = FALSE
	EndGlobalSection
	GlobalSection(ExtensibilityGlobals) = postSolution
		SolutionGuid = {2BC28749-124C-4138-8228-21B42F364DBC}
	EndGlobalSection
EndGlobal
